
Microsoft Visual Studio Solution File, Format Version 12.00
# Visual Studio 15
VisualStudioVersion = 15.0.28010.2026
MinimumVisualStudioVersion = 10.0.40219.1
Project("{FAE04EC0-301F-11D3-BF4B-00C04F79EFBC}") = "qaTechTests", "qaTechTests\qaTechTests.csproj", "{05A75326-DFC5-4FDA-84D8-68FA4AF8C329}"
EndProject
Global
	GlobalSection(SolutionConfigurationPlatforms) = preSolution
		Debug|Any CPU = Debug|Any CPU
		Release|Any CPU = Release|Any CPU
	EndGlobalSection
	GlobalSection(ProjectConfigurationPlatforms) = postSolution
		{05A75326-DFC5-4FDA-84D8-68FA4AF8C329}.Debug|Any CPU.ActiveCfg = Debug|Any CPU
		{05A75326-DFC5-4FDA-84D8-68FA4AF8C329}.Debug|Any CPU.Build.0 = Debug|Any CPU
		{05A75326-DFC5-4FDA-84D8-68FA4AF8C329}.Release|Any CPU.ActiveCfg = Release|Any CPU
		{05A75326-DFC5-4FDA-84D8-68FA4AF8C329}.Release|Any CPU.Build.0 = Release|Any CPU
	EndGlobalSection
	GlobalSection(SolutionProperties) = preSolution
		HideSolutionNode = FALSE
	EndGlobalSection
	GlobalSection(ExtensibilityGlobals) = postSolution
		SolutionGuid = {F89F42A0-94AF-4796-8182-723576DACAC2}
	EndGlobalSection
EndGlobal
